// !$*UTF8*$!
{
	archiveVersion = 1;
	classes = {
	};
	objectVersion = 46;
	objects = {

/* Begin PBXBuildFile section */
		353B6CA515735F6300D0517A /* arma.png in Resources */ = {isa = PBXBuildFile; fileRef = 353B6CA415735F6300D0517A /* arma.png */; };
		353B6CAA1573708A00D0517A /* camera.cpp in Sources */ = {isa = PBXBuildFile; fileRef = 353B6CA81573708A00D0517A /* camera.cpp */; };
		356AB957163029F800177EFB /* liballegro_acodec-static.a in Frameworks */ = {isa = PBXBuildFile; fileRef = 356AB94D163029F800177EFB /* liballegro_acodec-static.a */; };
		356AB958163029F800177EFB /* liballegro_audio-static.a in Frameworks */ = {isa = PBXBuildFile; fileRef = 356AB94E163029F800177EFB /* liballegro_audio-static.a */; };
		356AB959163029F800177EFB /* liballegro_color-static.a in Frameworks */ = {isa = PBXBuildFile; fileRef = 356AB94F163029F800177EFB /* liballegro_color-static.a */; };
		356AB95A163029F800177EFB /* liballegro_dialog-static.a in Frameworks */ = {isa = PBXBuildFile; fileRef = 356AB950163029F800177EFB /* liballegro_dialog-static.a */; };
		356AB95B163029F800177EFB /* liballegro_font-static.a in Frameworks */ = {isa = PBXBuildFile; fileRef = 356AB951163029F800177EFB /* liballegro_font-static.a */; };
		356AB95C163029F800177EFB /* liballegro_image-static.a in Frameworks */ = {isa = PBXBuildFile; fileRef = 356AB952163029F800177EFB /* liballegro_image-static.a */; };
		356AB95D163029F800177EFB /* liballegro_main-static.a in Frameworks */ = {isa = PBXBuildFile; fileRef = 356AB953163029F800177EFB /* liballegro_main-static.a */; };
		356AB95E163029F800177EFB /* liballegro_memfile-static.a in Frameworks */ = {isa = PBXBuildFile; fileRef = 356AB954163029F800177EFB /* liballegro_memfile-static.a */; };
		356AB95F163029F800177EFB /* liballegro_primitives-static.a in Frameworks */ = {isa = PBXBuildFile; fileRef = 356AB955163029F800177EFB /* liballegro_primitives-static.a */; };
		356AB960163029F800177EFB /* liballegro-static.a in Frameworks */ = {isa = PBXBuildFile; fileRef = 356AB956163029F800177EFB /* liballegro-static.a */; };
		356AB96216302A4A00177EFB /* OpenGL.framework in Frameworks */ = {isa = PBXBuildFile; fileRef = 356AB96116302A4A00177EFB /* OpenGL.framework */; };
		356AB96416302A8A00177EFB /* CoreFoundation.framework in Frameworks */ = {isa = PBXBuildFile; fileRef = 356AB96316302A8A00177EFB /* CoreFoundation.framework */; };
		356AB96616302A9800177EFB /* IOKit.framework in Frameworks */ = {isa = PBXBuildFile; fileRef = 356AB96516302A9800177EFB /* IOKit.framework */; };
		356AB96816302AC600177EFB /* READ THIS IF BUILD FAILS in Resources */ = {isa = PBXBuildFile; fileRef = 356AB96716302AC600177EFB /* READ THIS IF BUILD FAILS */; };
		356AB96A16302B4400177EFB /* README in Resources */ = {isa = PBXBuildFile; fileRef = 356AB96916302B4400177EFB /* README */; };
		3588A5E7157A00A600F641F6 /* Triangle.png in Resources */ = {isa = PBXBuildFile; fileRef = 3588A5E6157A00A600F641F6 /* Triangle.png */; };
		358ACDC51579EB8F00B2917C /* local_game_scene.cpp in Sources */ = {isa = PBXBuildFile; fileRef = 358ACDC31579EB8F00B2917C /* local_game_scene.cpp */; };
		358ACDCC1579ED4700B2917C /* input_manager.cpp in Sources */ = {isa = PBXBuildFile; fileRef = 358ACDCA1579ED4700B2917C /* input_manager.cpp */; };
		358ACDD01579F34C00B2917C /* sprite.cpp in Sources */ = {isa = PBXBuildFile; fileRef = 358ACDCE1579F34C00B2917C /* sprite.cpp */; };
		35CB1EDB1572D1C2005ABBD9 /* Cocoa.framework in Frameworks */ = {isa = PBXBuildFile; fileRef = 35CB1EDA1572D1C2005ABBD9 /* Cocoa.framework */; };
		35CB1EE51572D1C2005ABBD9 /* InfoPlist.strings in Resources */ = {isa = PBXBuildFile; fileRef = 35CB1EE31572D1C2005ABBD9 /* InfoPlist.strings */; };
		35CB1EE71572D1C2005ABBD9 /* main.cpp in Sources */ = {isa = PBXBuildFile; fileRef = 35CB1EE61572D1C2005ABBD9 /* main.cpp */; };
		35CB1EEB1572D1C2005ABBD9 /* Credits.rtf in Resources */ = {isa = PBXBuildFile; fileRef = 35CB1EE91572D1C2005ABBD9 /* Credits.rtf */; };
		35CB1F181572D63B005ABBD9 /* scene_manager.cpp in Sources */ = {isa = PBXBuildFile; fileRef = 35CB1F161572D63B005ABBD9 /* scene_manager.cpp */; };
		35CB1F1C1572D86B005ABBD9 /* loading_scene.cpp in Sources */ = {isa = PBXBuildFile; fileRef = 35CB1F1A1572D86B005ABBD9 /* loading_scene.cpp */; };
		35CB1F201572DE34005ABBD9 /* menu_scene.cpp in Sources */ = {isa = PBXBuildFile; fileRef = 35CB1F1E1572DE34005ABBD9 /* menu_scene.cpp */; };
/* End PBXBuildFile section */

/* Begin PBXCopyFilesBuildPhase section */
		35CB1EF51572D1EB005ABBD9 /* CopyFiles */ = {
			isa = PBXCopyFilesBuildPhase;
			buildActionMask = 2147483647;
			dstPath = "";
			dstSubfolderSpec = 10;
			files = (
			);
			runOnlyForDeploymentPostprocessing = 0;
		};
/* End PBXCopyFilesBuildPhase section */

/* Begin PBXFileReference section */
		353B6CA415735F6300D0517A /* arma.png */ = {isa = PBXFileReference; lastKnownFileType = image.png; path = arma.png; sourceTree = "<group>"; };
		353B6CA81573708A00D0517A /* camera.cpp */ = {isa = PBXFileReference; fileEncoding = 4; lastKnownFileType = sourcecode.cpp.cpp; path = camera.cpp; sourceTree = "<group>"; };
		353B6CA91573708A00D0517A /* camera.h */ = {isa = PBXFileReference; fileEncoding = 4; lastKnownFileType = sourcecode.c.h; path = camera.h; sourceTree = "<group>"; };
		356AB94D163029F800177EFB /* liballegro_acodec-static.a */ = {isa = PBXFileReference; lastKnownFileType = archive.ar; name = "liballegro_acodec-static.a"; path = "/usr/local/lib/liballegro_acodec-static.a"; sourceTree = "<absolute>"; };
		356AB94E163029F800177EFB /* liballegro_audio-static.a */ = {isa = PBXFileReference; lastKnownFileType = archive.ar; name = "liballegro_audio-static.a"; path = "/usr/local/lib/liballegro_audio-static.a"; sourceTree = "<absolute>"; };
		356AB94F163029F800177EFB /* liballegro_color-static.a */ = {isa = PBXFileReference; lastKnownFileType = archive.ar; name = "liballegro_color-static.a"; path = "/usr/local/lib/liballegro_color-static.a"; sourceTree = "<absolute>"; };
		356AB950163029F800177EFB /* liballegro_dialog-static.a */ = {isa = PBXFileReference; lastKnownFileType = archive.ar; name = "liballegro_dialog-static.a"; path = "/usr/local/lib/liballegro_dialog-static.a"; sourceTree = "<absolute>"; };
		356AB951163029F800177EFB /* liballegro_font-static.a */ = {isa = PBXFileReference; lastKnownFileType = archive.ar; name = "liballegro_font-static.a"; path = "/usr/local/lib/liballegro_font-static.a"; sourceTree = "<absolute>"; };
		356AB952163029F800177EFB /* liballegro_image-static.a */ = {isa = PBXFileReference; lastKnownFileType = archive.ar; name = "liballegro_image-static.a"; path = "/usr/local/lib/liballegro_image-static.a"; sourceTree = "<absolute>"; };
		356AB953163029F800177EFB /* liballegro_main-static.a */ = {isa = PBXFileReference; lastKnownFileType = archive.ar; name = "liballegro_main-static.a"; path = "/usr/local/lib/liballegro_main-static.a"; sourceTree = "<absolute>"; };
		356AB954163029F800177EFB /* liballegro_memfile-static.a */ = {isa = PBXFileReference; lastKnownFileType = archive.ar; name = "liballegro_memfile-static.a"; path = "/usr/local/lib/liballegro_memfile-static.a"; sourceTree = "<absolute>"; };
		356AB955163029F800177EFB /* liballegro_primitives-static.a */ = {isa = PBXFileReference; lastKnownFileType = archive.ar; name = "liballegro_primitives-static.a"; path = "/usr/local/lib/liballegro_primitives-static.a"; sourceTree = "<absolute>"; };
		356AB956163029F800177EFB /* liballegro-static.a */ = {isa = PBXFileReference; lastKnownFileType = archive.ar; name = "liballegro-static.a"; path = "/usr/local/lib/liballegro-static.a"; sourceTree = "<absolute>"; };
		356AB96116302A4A00177EFB /* OpenGL.framework */ = {isa = PBXFileReference; lastKnownFileType = wrapper.framework; name = OpenGL.framework; path = Platforms/MacOSX.platform/Developer/SDKs/MacOSX10.7.sdk/System/Library/Frameworks/OpenGL.framework; sourceTree = DEVELOPER_DIR; };
		356AB96316302A8A00177EFB /* CoreFoundation.framework */ = {isa = PBXFileReference; lastKnownFileType = wrapper.framework; name = CoreFoundation.framework; path = Platforms/MacOSX.platform/Developer/SDKs/MacOSX10.7.sdk/System/Library/Frameworks/CoreFoundation.framework; sourceTree = DEVELOPER_DIR; };
		356AB96516302A9800177EFB /* IOKit.framework */ = {isa = PBXFileReference; lastKnownFileType = wrapper.framework; name = IOKit.framework; path = Platforms/MacOSX.platform/Developer/SDKs/MacOSX10.7.sdk/System/Library/Frameworks/IOKit.framework; sourceTree = DEVELOPER_DIR; };
		356AB96716302AC600177EFB /* READ THIS IF BUILD FAILS */ = {isa = PBXFileReference; fileEncoding = 4; lastKnownFileType = text; path = "READ THIS IF BUILD FAILS"; sourceTree = "<group>"; };
		356AB96916302B4400177EFB /* README */ = {isa = PBXFileReference; fileEncoding = 4; lastKnownFileType = text; path = README; sourceTree = "<group>"; };
		3588A5E6157A00A600F641F6 /* Triangle.png */ = {isa = PBXFileReference; lastKnownFileType = image.png; path = Triangle.png; sourceTree = "<group>"; };
		358ACDC31579EB8F00B2917C /* local_game_scene.cpp */ = {isa = PBXFileReference; fileEncoding = 4; lastKnownFileType = sourcecode.cpp.cpp; path = local_game_scene.cpp; sourceTree = "<group>"; };
		358ACDC41579EB8F00B2917C /* local_game_scene.h */ = {isa = PBXFileReference; fileEncoding = 4; lastKnownFileType = sourcecode.c.h; path = local_game_scene.h; sourceTree = "<group>"; };
		358ACDCA1579ED4700B2917C /* input_manager.cpp */ = {isa = PBXFileReference; fileEncoding = 4; lastKnownFileType = sourcecode.cpp.cpp; path = input_manager.cpp; sourceTree = "<group>"; };
		358ACDCB1579ED4700B2917C /* input_manager.h */ = {isa = PBXFileReference; fileEncoding = 4; lastKnownFileType = sourcecode.c.h; path = input_manager.h; sourceTree = "<group>"; };
		358ACDCE1579F34C00B2917C /* sprite.cpp */ = {isa = PBXFileReference; fileEncoding = 4; lastKnownFileType = sourcecode.cpp.cpp; path = sprite.cpp; sourceTree = "<group>"; };
		358ACDCF1579F34C00B2917C /* sprite.h */ = {isa = PBXFileReference; fileEncoding = 4; lastKnownFileType = sourcecode.c.h; path = sprite.h; sourceTree = "<group>"; };
		35925EB316307B8F00CF0F81 /* sys_config.h */ = {isa = PBXFileReference; lastKnownFileType = sourcecode.c.h; path = sys_config.h; sourceTree = "<group>"; };
		35CB1ED61572D1C2005ABBD9 /* MyGame.app */ = {isa = PBXFileReference; explicitFileType = wrapper.application; includeInIndex = 0; path = MyGame.app; sourceTree = BUILT_PRODUCTS_DIR; };
		35CB1EDA1572D1C2005ABBD9 /* Cocoa.framework */ = {isa = PBXFileReference; lastKnownFileType = wrapper.framework; name = Cocoa.framework; path = System/Library/Frameworks/Cocoa.framework; sourceTree = SDKROOT; };
		35CB1EDD1572D1C2005ABBD9 /* AppKit.framework */ = {isa = PBXFileReference; lastKnownFileType = wrapper.framework; name = AppKit.framework; path = System/Library/Frameworks/AppKit.framework; sourceTree = SDKROOT; };
		35CB1EDE1572D1C2005ABBD9 /* CoreData.framework */ = {isa = PBXFileReference; lastKnownFileType = wrapper.framework; name = CoreData.framework; path = System/Library/Frameworks/CoreData.framework; sourceTree = SDKROOT; };
		35CB1EDF1572D1C2005ABBD9 /* Foundation.framework */ = {isa = PBXFileReference; lastKnownFileType = wrapper.framework; name = Foundation.framework; path = System/Library/Frameworks/Foundation.framework; sourceTree = SDKROOT; };
		35CB1EE21572D1C2005ABBD9 /* MyGame-Info.plist */ = {isa = PBXFileReference; lastKnownFileType = text.plist.xml; path = "MyGame-Info.plist"; sourceTree = "<group>"; };
		35CB1EE41572D1C2005ABBD9 /* en */ = {isa = PBXFileReference; lastKnownFileType = text.plist.strings; name = en; path = en.lproj/InfoPlist.strings; sourceTree = "<group>"; };
		35CB1EE61572D1C2005ABBD9 /* main.cpp */ = {isa = PBXFileReference; lastKnownFileType = sourcecode.cpp.cpp; path = main.cpp; sourceTree = "<group>"; };
		35CB1EE81572D1C2005ABBD9 /* MyGame-Prefix.pch */ = {isa = PBXFileReference; lastKnownFileType = sourcecode.c.h; path = "MyGame-Prefix.pch"; sourceTree = "<group>"; };
		35CB1EEA1572D1C2005ABBD9 /* en */ = {isa = PBXFileReference; lastKnownFileType = text.rtf; name = en; path = en.lproj/Credits.rtf; sourceTree = "<group>"; };
		35CB1F161572D63B005ABBD9 /* scene_manager.cpp */ = {isa = PBXFileReference; fileEncoding = 4; lastKnownFileType = sourcecode.cpp.cpp; path = scene_manager.cpp; sourceTree = "<group>"; };
		35CB1F171572D63B005ABBD9 /* scene_manager.h */ = {isa = PBXFileReference; fileEncoding = 4; lastKnownFileType = sourcecode.c.h; path = scene_manager.h; sourceTree = "<group>"; };
		35CB1F1A1572D86B005ABBD9 /* loading_scene.cpp */ = {isa = PBXFileReference; fileEncoding = 4; lastKnownFileType = sourcecode.cpp.cpp; path = loading_scene.cpp; sourceTree = "<group>"; };
		35CB1F1B1572D86B005ABBD9 /* loading_scene.h */ = {isa = PBXFileReference; fileEncoding = 4; lastKnownFileType = sourcecode.c.h; path = loading_scene.h; sourceTree = "<group>"; };
		35CB1F1E1572DE34005ABBD9 /* menu_scene.cpp */ = {isa = PBXFileReference; fileEncoding = 4; lastKnownFileType = sourcecode.cpp.cpp; path = menu_scene.cpp; sourceTree = "<group>"; };
		35CB1F1F1572DE34005ABBD9 /* menu_scene.h */ = {isa = PBXFileReference; fileEncoding = 4; lastKnownFileType = sourcecode.c.h; path = menu_scene.h; sourceTree = "<group>"; };
/* End PBXFileReference section */

/* Begin PBXFrameworksBuildPhase section */
		35CB1ED31572D1C2005ABBD9 /* Frameworks */ = {
			isa = PBXFrameworksBuildPhase;
			buildActionMask = 2147483647;
			files = (
				356AB96616302A9800177EFB /* IOKit.framework in Frameworks */,
				356AB96416302A8A00177EFB /* CoreFoundation.framework in Frameworks */,
				356AB96216302A4A00177EFB /* OpenGL.framework in Frameworks */,
				356AB957163029F800177EFB /* liballegro_acodec-static.a in Frameworks */,
				356AB958163029F800177EFB /* liballegro_audio-static.a in Frameworks */,
				356AB959163029F800177EFB /* liballegro_color-static.a in Frameworks */,
				356AB95A163029F800177EFB /* liballegro_dialog-static.a in Frameworks */,
				356AB95B163029F800177EFB /* liballegro_font-static.a in Frameworks */,
				356AB95C163029F800177EFB /* liballegro_image-static.a in Frameworks */,
				356AB95D163029F800177EFB /* liballegro_main-static.a in Frameworks */,
				356AB95E163029F800177EFB /* liballegro_memfile-static.a in Frameworks */,
				356AB95F163029F800177EFB /* liballegro_primitives-static.a in Frameworks */,
				356AB960163029F800177EFB /* liballegro-static.a in Frameworks */,
				35CB1EDB1572D1C2005ABBD9 /* Cocoa.framework in Frameworks */,
			);
			runOnlyForDeploymentPostprocessing = 0;
		};
/* End PBXFrameworksBuildPhase section */

/* Begin PBXGroup section */
		353B6CA71573707200D0517A /* Camera */ = {
			isa = PBXGroup;
			children = (
				353B6CA81573708A00D0517A /* camera.cpp */,
				353B6CA91573708A00D0517A /* camera.h */,
			);
			name = Camera;
			sourceTree = "<group>";
		};
		358ACDC11579EB7900B2917C /* Local Game Scene */ = {
			isa = PBXGroup;
			children = (
				358ACDC31579EB8F00B2917C /* local_game_scene.cpp */,
				358ACDC41579EB8F00B2917C /* local_game_scene.h */,
			);
			name = "Local Game Scene";
			sourceTree = "<group>";
		};
		358ACDC61579ECFA00B2917C /* Input Manager */ = {
			isa = PBXGroup;
			children = (
				358ACDCA1579ED4700B2917C /* input_manager.cpp */,
				358ACDCB1579ED4700B2917C /* input_manager.h */,
			);
			name = "Input Manager";
			sourceTree = "<group>";
		};
		358ACDC71579ED0A00B2917C /* Scene Manager */ = {
			isa = PBXGroup;
			children = (
				35CB1F161572D63B005ABBD9 /* scene_manager.cpp */,
				35CB1F171572D63B005ABBD9 /* scene_manager.h */,
			);
			name = "Scene Manager";
			sourceTree = "<group>";
		};
		358ACDC81579ED1100B2917C /* Framework */ = {
			isa = PBXGroup;
			children = (
				35CB1EE61572D1C2005ABBD9 /* main.cpp */,
				358ACDCD1579F34000B2917C /* Sprite Manager */,
				353B6CA71573707200D0517A /* Camera */,
				358ACDC71579ED0A00B2917C /* Scene Manager */,
				358ACDC61579ECFA00B2917C /* Input Manager */,
				35925EB316307B8F00CF0F81 /* sys_config.h */,
			);
			name = Framework;
			sourceTree = "<group>";
		};
		358ACDC91579ED2C00B2917C /* Game */ = {
			isa = PBXGroup;
			children = (
				358ACDC11579EB7900B2917C /* Local Game Scene */,
				35CB1F1D1572DE22005ABBD9 /* Menu Scene */,
				35CB1F191572D85E005ABBD9 /* Loading Scene */,
			);
			name = Game;
			sourceTree = "<group>";
		};
		358ACDCD1579F34000B2917C /* Sprite Manager */ = {
			isa = PBXGroup;
			children = (
				358ACDCE1579F34C00B2917C /* sprite.cpp */,
				358ACDCF1579F34C00B2917C /* sprite.h */,
			);
			name = "Sprite Manager";
			sourceTree = "<group>";
		};
		35CB1EC91572D175005ABBD9 = {
			isa = PBXGroup;
			children = (
				356AB96916302B4400177EFB /* README */,
				356AB96716302AC600177EFB /* READ THIS IF BUILD FAILS */,
				35CB1EE01572D1C2005ABBD9 /* MyGame */,
				35CB1ED91572D1C2005ABBD9 /* Frameworks */,
				35CB1ED71572D1C2005ABBD9 /* Products */,
			);
			sourceTree = "<group>";
		};
		35CB1ED71572D1C2005ABBD9 /* Products */ = {
			isa = PBXGroup;
			children = (
				35CB1ED61572D1C2005ABBD9 /* MyGame.app */,
			);
			name = Products;
			sourceTree = "<group>";
		};
		35CB1ED91572D1C2005ABBD9 /* Frameworks */ = {
			isa = PBXGroup;
			children = (
				356AB96516302A9800177EFB /* IOKit.framework */,
				356AB96316302A8A00177EFB /* CoreFoundation.framework */,
				356AB96116302A4A00177EFB /* OpenGL.framework */,
				356AB94D163029F800177EFB /* liballegro_acodec-static.a */,
				356AB94E163029F800177EFB /* liballegro_audio-static.a */,
				356AB94F163029F800177EFB /* liballegro_color-static.a */,
				356AB950163029F800177EFB /* liballegro_dialog-static.a */,
				356AB951163029F800177EFB /* liballegro_font-static.a */,
				356AB952163029F800177EFB /* liballegro_image-static.a */,
				356AB953163029F800177EFB /* liballegro_main-static.a */,
				356AB954163029F800177EFB /* liballegro_memfile-static.a */,
				356AB955163029F800177EFB /* liballegro_primitives-static.a */,
				356AB956163029F800177EFB /* liballegro-static.a */,
				35CB1EDA1572D1C2005ABBD9 /* Cocoa.framework */,
				35CB1EDC1572D1C2005ABBD9 /* Other Frameworks */,
			);
			name = Frameworks;
			sourceTree = "<group>";
		};
		35CB1EDC1572D1C2005ABBD9 /* Other Frameworks */ = {
			isa = PBXGroup;
			children = (
				35CB1EDD1572D1C2005ABBD9 /* AppKit.framework */,
				35CB1EDE1572D1C2005ABBD9 /* CoreData.framework */,
				35CB1EDF1572D1C2005ABBD9 /* Foundation.framework */,
			);
			name = "Other Frameworks";
			sourceTree = "<group>";
		};
		35CB1EE01572D1C2005ABBD9 /* MyGame */ = {
			isa = PBXGroup;
			children = (
				358ACDC91579ED2C00B2917C /* Game */,
				358ACDC81579ED1100B2917C /* Framework */,
				35CB1EE11572D1C2005ABBD9 /* Supporting Files */,
			);
			path = MyGame;
			sourceTree = "<group>";
		};
		35CB1EE11572D1C2005ABBD9 /* Supporting Files */ = {
			isa = PBXGroup;
			children = (
				353B6CA415735F6300D0517A /* arma.png */,
				3588A5E6157A00A600F641F6 /* Triangle.png */,
				35CB1EE21572D1C2005ABBD9 /* MyGame-Info.plist */,
				35CB1EE31572D1C2005ABBD9 /* InfoPlist.strings */,
				35CB1EE81572D1C2005ABBD9 /* MyGame-Prefix.pch */,
				35CB1EE91572D1C2005ABBD9 /* Credits.rtf */,
			);
			name = "Supporting Files";
			sourceTree = "<group>";
		};
		35CB1F191572D85E005ABBD9 /* Loading Scene */ = {
			isa = PBXGroup;
			children = (
				35CB1F1A1572D86B005ABBD9 /* loading_scene.cpp */,
				35CB1F1B1572D86B005ABBD9 /* loading_scene.h */,
			);
			name = "Loading Scene";
			sourceTree = "<group>";
		};
		35CB1F1D1572DE22005ABBD9 /* Menu Scene */ = {
			isa = PBXGroup;
			children = (
				35CB1F1E1572DE34005ABBD9 /* menu_scene.cpp */,
				35CB1F1F1572DE34005ABBD9 /* menu_scene.h */,
			);
			name = "Menu Scene";
			sourceTree = "<group>";
		};
/* End PBXGroup section */

/* Begin PBXNativeTarget section */
		35CB1ED51572D1C2005ABBD9 /* MyGame */ = {
			isa = PBXNativeTarget;
			buildConfigurationList = 35CB1EF21572D1C3005ABBD9 /* Build configuration list for PBXNativeTarget "MyGame" */;
			buildPhases = (
				35CB1ED21572D1C2005ABBD9 /* Sources */,
				35CB1ED31572D1C2005ABBD9 /* Frameworks */,
				35CB1ED41572D1C2005ABBD9 /* Resources */,
				35CB1EF51572D1EB005ABBD9 /* CopyFiles */,
			);
			buildRules = (
			);
			dependencies = (
			);
			name = MyGame;
			productName = MyGame;
			productReference = 35CB1ED61572D1C2005ABBD9 /* MyGame.app */;
			productType = "com.apple.product-type.application";
		};
/* End PBXNativeTarget section */

/* Begin PBXProject section */
		35CB1ECB1572D175005ABBD9 /* Project object */ = {
			isa = PBXProject;
			attributes = {
				LastUpgradeCheck = 0440;
			};
			buildConfigurationList = 35CB1ECE1572D175005ABBD9 /* Build configuration list for PBXProject "MyGame" */;
			compatibilityVersion = "Xcode 3.2";
			developmentRegion = English;
			hasScannedForEncodings = 0;
			knownRegions = (
				en,
			);
			mainGroup = 35CB1EC91572D175005ABBD9;
			productRefGroup = 35CB1ED71572D1C2005ABBD9 /* Products */;
			projectDirPath = "";
			projectRoot = "";
			targets = (
				35CB1ED51572D1C2005ABBD9 /* MyGame */,
			);
		};
/* End PBXProject section */

/* Begin PBXResourcesBuildPhase section */
		35CB1ED41572D1C2005ABBD9 /* Resources */ = {
			isa = PBXResourcesBuildPhase;
			buildActionMask = 2147483647;
			files = (
				35CB1EE51572D1C2005ABBD9 /* InfoPlist.strings in Resources */,
				35CB1EEB1572D1C2005ABBD9 /* Credits.rtf in Resources */,
				353B6CA515735F6300D0517A /* arma.png in Resources */,
				3588A5E7157A00A600F641F6 /* Triangle.png in Resources */,
				356AB96816302AC600177EFB /* READ THIS IF BUILD FAILS in Resources */,
				356AB96A16302B4400177EFB /* README in Resources */,
			);
			runOnlyForDeploymentPostprocessing = 0;
		};
/* End PBXResourcesBuildPhase section */

/* Begin PBXSourcesBuildPhase section */
		35CB1ED21572D1C2005ABBD9 /* Sources */ = {
			isa = PBXSourcesBuildPhase;
			buildActionMask = 2147483647;
			files = (
				35CB1EE71572D1C2005ABBD9 /* main.cpp in Sources */,
				35CB1F181572D63B005ABBD9 /* scene_manager.cpp in Sources */,
				35CB1F1C1572D86B005ABBD9 /* loading_scene.cpp in Sources */,
				35CB1F201572DE34005ABBD9 /* menu_scene.cpp in Sources */,
				353B6CAA1573708A00D0517A /* camera.cpp in Sources */,
				358ACDC51579EB8F00B2917C /* local_game_scene.cpp in Sources */,
				358ACDCC1579ED4700B2917C /* input_manager.cpp in Sources */,
				358ACDD01579F34C00B2917C /* sprite.cpp in Sources */,
			);
			runOnlyForDeploymentPostprocessing = 0;
		};
/* End PBXSourcesBuildPhase section */

/* Begin PBXVariantGroup section */
		35CB1EE31572D1C2005ABBD9 /* InfoPlist.strings */ = {
			isa = PBXVariantGroup;
			children = (
				35CB1EE41572D1C2005ABBD9 /* en */,
			);
			name = InfoPlist.strings;
			sourceTree = "<group>";
		};
		35CB1EE91572D1C2005ABBD9 /* Credits.rtf */ = {
			isa = PBXVariantGroup;
			children = (
				35CB1EEA1572D1C2005ABBD9 /* en */,
			);
			name = Credits.rtf;
			sourceTree = "<group>";
		};
/* End PBXVariantGroup section */

/* Begin XCBuildConfiguration section */
		35CB1ED01572D175005ABBD9 /* Debug */ = {
			isa = XCBuildConfiguration;
			buildSettings = {
			};
			name = Debug;
		};
		35CB1ED11572D175005ABBD9 /* Release */ = {
			isa = XCBuildConfiguration;
			buildSettings = {
			};
			name = Release;
		};
		35CB1EF31572D1C3005ABBD9 /* Debug */ = {
			isa = XCBuildConfiguration;
			buildSettings = {
				ALWAYS_SEARCH_USER_PATHS = NO;
				ARCHS = "$(ARCHS_STANDARD_64_BIT)";
				CLANG_CXX_LANGUAGE_STANDARD = "gnu++0x";
				CLANG_CXX_LIBRARY = "libc++";
				CLANG_ENABLE_OBJC_ARC = YES;
				CLANG_WARN_OBJCPP_ARC_ABI = YES;
				CLANG_WARN__DUPLICATE_METHOD_MATCH = YES;
				COMBINE_HIDPI_IMAGES = YES;
				COPY_PHASE_STRIP = NO;
				FRAMEWORK_SEARCH_PATHS = (
					"$(inherited)",
					"\"$(SRCROOT)\"",
				);
				GCC_C_LANGUAGE_STANDARD = gnu99;
				GCC_DYNAMIC_NO_PIC = NO;
				GCC_ENABLE_OBJC_EXCEPTIONS = YES;
				GCC_OPTIMIZATION_LEVEL = 0;
				GCC_PRECOMPILE_PREFIX_HEADER = YES;
				GCC_PREPROCESSOR_DEFINITIONS = (
					"DEBUG=1",
					"$(inherited)",
				);
				GCC_SYMBOLS_PRIVATE_EXTERN = NO;
				GCC_WARN_64_TO_32_BIT_CONVERSION = YES;
				GCC_WARN_ABOUT_RETURN_TYPE = YES;
				GCC_WARN_UNINITIALIZED_AUTOS = YES;
				GCC_WARN_UNUSED_VARIABLE = YES;
				HEADER_SEARCH_PATHS = /usr/local/include;
				INFOPLIST_FILE = "MyGame/MyGame-Info.plist";
				LIBRARY_SEARCH_PATHS = (
					"$(inherited)",
					"\"$(SRCROOT)\"",
					/usr/local/lib/,
				);
				MACOSX_DEPLOYMENT_TARGET = 10.7;
				ONLY_ACTIVE_ARCH = YES;
				PRODUCT_NAME = "$(TARGET_NAME)";
				SDKROOT = macosx10.7;
				WRAPPER_EXTENSION = app;
			};
			name = Debug;
		};
		35CB1EF41572D1C3005ABBD9 /* Release */ = {
			isa = XCBuildConfiguration;
			buildSettings = {
				ALWAYS_SEARCH_USER_PATHS = NO;
				ARCHS = "$(ARCHS_STANDARD_64_BIT)";
				CLANG_CXX_LANGUAGE_STANDARD = "gnu++0x";
				CLANG_CXX_LIBRARY = "libc++";
				CLANG_ENABLE_OBJC_ARC = YES;
				CLANG_WARN_OBJCPP_ARC_ABI = YES;
				CLANG_WARN__DUPLICATE_METHOD_MATCH = YES;
				COMBINE_HIDPI_IMAGES = YES;
				COPY_PHASE_STRIP = YES;
				DEBUG_INFORMATION_FORMAT = "dwarf-with-dsym";
				FRAMEWORK_SEARCH_PATHS = (
					"$(inherited)",
					"\"$(SRCROOT)\"",
				);
				GCC_C_LANGUAGE_STANDARD = gnu99;
				GCC_ENABLE_OBJC_EXCEPTIONS = YES;
				GCC_PRECOMPILE_PREFIX_HEADER = YES;
				GCC_WARN_64_TO_32_BIT_CONVERSION = YES;
				GCC_WARN_ABOUT_RETURN_TYPE = YES;
				GCC_WARN_UNINITIALIZED_AUTOS = YES;
				GCC_WARN_UNUSED_VARIABLE = YES;
				HEADER_SEARCH_PATHS = /usr/local/include;
				INFOPLIST_FILE = "MyGame/MyGame-Info.plist";
				LIBRARY_SEARCH_PATHS = (
					"$(inherited)",
					"\"$(SRCROOT)\"",
					/usr/local/lib/,
				);
				MACOSX_DEPLOYMENT_TARGET = 10.7;
				PRODUCT_NAME = "$(TARGET_NAME)";
				SDKROOT = macosx10.7;
				WRAPPER_EXTENSION = app;
			};
			name = Release;
		};
/* End XCBuildConfiguration section */

/* Begin XCConfigurationList section */
		35CB1ECE1572D175005ABBD9 /* Build configuration list for PBXProject "MyGame" */ = {
			isa = XCConfigurationList;
			buildConfigurations = (
				35CB1ED01572D175005ABBD9 /* Debug */,
				35CB1ED11572D175005ABBD9 /* Release */,
			);
			defaultConfigurationIsVisible = 0;
			defaultConfigurationName = Release;
		};
		35CB1EF21572D1C3005ABBD9 /* Build configuration list for PBXNativeTarget "MyGame" */ = {
			isa = XCConfigurationList;
			buildConfigurations = (
				35CB1EF31572D1C3005ABBD9 /* Debug */,
				35CB1EF41572D1C3005ABBD9 /* Release */,
			);
			defaultConfigurationIsVisible = 0;
			defaultConfigurationName = Release;
		};
/* End XCConfigurationList section */
	};
	rootObject = 35CB1ECB1572D175005ABBD9 /* Project object */;
}
